<?xml version="1.0" encoding="UTF-8"?>
<CONFIG>
  <ProjectOptions>
    <Version Value="12"/>
    <PathDelim Value="\"/>
    <General>
      <Flags>
        <CompatibilityMode Value="True"/>
      </Flags>
      <SessionStorage Value="InProjectDir"/>
      <Title Value="Task Organizer"/>
      <ResourceType Value="res"/>
      <UseXPManifest Value="True"/>
      <Icon Value="0"/>
      <Resources Count="18">
        <Resource_0 FileName="icons\icon_create.png" Type="RCDATA" ResourceName="CREATE"/>
        <Resource_1 FileName="icons\icon_delete.png" Type="RCDATA" ResourceName="DELETE"/>
        <Resource_2 FileName="icons\icon_edit.png" Type="RCDATA" ResourceName="EDIT"/>
        <Resource_3 FileName="icons\icon_exit.png" Type="RCDATA" ResourceName="EXIT"/>
        <Resource_4 FileName="icons\icon_start.png" Type="RCDATA" ResourceName="START"/>
        <Resource_5 FileName="icons\icon_stop.png" Type="RCDATA" ResourceName="STOP"/>
        <Resource_6 FileName="icons\icon_tick.png" Type="RCDATA" ResourceName="TICK"/>
        <Resource_7 FileName="icons\icon_tick_gray.png" Type="RCDATA" ResourceName="TICK_GRAY"/>
        <Resource_8 FileName="icons\icon_clock_animation_1.png" Type="RCDATA" ResourceName="CLOCK_ANIMATION_1"/>
        <Resource_9 FileName="icons\icon_clock_animation_2.png" Type="RCDATA" ResourceName="CLOCK_ANIMATION_2"/>
        <Resource_10 FileName="icons\icon_clock_animation_3.png" Type="RCDATA" ResourceName="CLOCK_ANIMATION_3"/>
        <Resource_11 FileName="icons\icon_clock_animation_4.png" Type="RCDATA" ResourceName="CLOCK_ANIMATION_4"/>
        <Resource_12 FileName="icons\icon_clock_animation_5.png" Type="RCDATA" ResourceName="CLOCK_ANIMATION_5"/>
        <Resource_13 FileName="icons\icon_clock_animation_6.png" Type="RCDATA" ResourceName="CLOCK_ANIMATION_6"/>
        <Resource_14 FileName="icons\icon_clock_animation_7.png" Type="RCDATA" ResourceName="CLOCK_ANIMATION_7"/>
        <Resource_15 FileName="icons\icon_clock_animation_8.png" Type="RCDATA" ResourceName="CLOCK_ANIMATION_8"/>
        <Resource_16 FileName="icons\langs\en.png" Type="RCDATA" ResourceName="FLAG_EN"/>
        <Resource_17 FileName="icons\langs\ru.png" Type="RCDATA" ResourceName="FLAG_RU"/>
      </Resources>
    </General>
    <i18n>
      <EnableI18N Value="True"/>
      <OutDir Value="languages"/>
    </i18n>
    <VersionInfo>
      <UseVersionInfo Value="True"/>
      <MinorVersionNr Value="14"/>
      <RevisionNr Value="1"/>
    </VersionInfo>
    <BuildModes Count="3">
      <Item1 Name="Default" Default="True"/>
      <Item2 Name="Debug">
        <CompilerOptions>
          <Version Value="11"/>
          <PathDelim Value="\"/>
          <Target>
            <Filename Value="TaskOrganizer"/>
          </Target>
          <SearchPaths>
            <IncludeFiles Value="$(ProjOutDir)"/>
            <OtherUnitFiles Value="packages\LazDatabaseVersioning"/>
            <UnitOutputDirectory Value="lib\$(TargetCPU)-$(TargetOS)"/>
          </SearchPaths>
          <Parsing>
            <SyntaxOptions>
              <IncludeAssertionCode Value="True"/>
            </SyntaxOptions>
          </Parsing>
          <CodeGeneration>
            <Checks>
              <IOChecks Value="True"/>
              <RangeChecks Value="True"/>
              <OverflowChecks Value="True"/>
              <StackChecks Value="True"/>
            </Checks>
            <VerifyObjMethodCallValidity Value="True"/>
          </CodeGeneration>
          <Linking>
            <Debugging>
              <DebugInfoType Value="dsDwarf2Set"/>
              <TrashVariables Value="True"/>
              <UseExternalDbgSyms Value="True"/>
            </Debugging>
            <Options>
              <Win32>
                <GraphicApplication Value="True"/>
              </Win32>
            </Options>
          </Linking>
          <Other>
            <ExecuteBefore>
              <Command Value="$(ProjPath)\GitRevision.bat"/>
            </ExecuteBefore>
          </Other>
        </CompilerOptions>
      </Item2>
      <Item3 Name="Release">
        <CompilerOptions>
          <Version Value="11"/>
          <PathDelim Value="\"/>
          <Target>
            <Filename Value="TaskOrganizer"/>
          </Target>
          <SearchPaths>
            <IncludeFiles Value="$(ProjOutDir)"/>
            <OtherUnitFiles Value="packages\LazDatabaseVersioning"/>
            <UnitOutputDirectory Value="lib\$(TargetCPU)-$(TargetOS)"/>
          </SearchPaths>
          <CodeGeneration>
            <SmartLinkUnit Value="True"/>
            <Optimizations>
              <OptimizationLevel Value="3"/>
            </Optimizations>
          </CodeGeneration>
          <Linking>
            <Debugging>
              <GenerateDebugInfo Value="False"/>
            </Debugging>
            <LinkSmart Value="True"/>
            <Options>
              <Win32>
                <GraphicApplication Value="True"/>
              </Win32>
            </Options>
          </Linking>
          <Other>
            <ExecuteBefore>
              <Command Value="GitRevision.bat"/>
            </ExecuteBefore>
          </Other>
        </CompilerOptions>
      </Item3>
    </BuildModes>
    <PublishOptions>
      <Version Value="2"/>
    </PublishOptions>
    <RunParams>
      <FormatVersion Value="2"/>
      <Modes Count="1">
        <Mode0 Name="default"/>
      </Modes>
    </RunParams>
    <RequiredPackages Count="10">
      <Item1>
        <PackageName Value="virtualdbgrid_package"/>
      </Item1>
      <Item2>
        <PackageName Value="LazControls"/>
      </Item2>
      <Item3>
        <PackageName Value="treelistviewpackage"/>
      </Item3>
      <Item4>
        <PackageName Value="TAChartLazarusPkg"/>
      </Item4>
      <Item5>
        <PackageName Value="TrayIconExLazPkg"/>
      </Item5>
      <Item6>
        <PackageName Value="DateTimeCtrls"/>
      </Item6>
      <Item7>
        <PackageName Value="uniqueinstance_package"/>
      </Item7>
      <Item8>
        <PackageName Value="FCL"/>
      </Item8>
      <Item9>
        <PackageName Value="SQLDBLaz"/>
      </Item9>
      <Item10>
        <PackageName Value="LCL"/>
      </Item10>
    </RequiredPackages>
    <Units Count="13">
      <Unit0>
        <Filename Value="TaskOrganizer.lpr"/>
        <IsPartOfProject Value="True"/>
      </Unit0>
      <Unit1>
        <Filename Value="main.pas"/>
        <IsPartOfProject Value="True"/>
        <ComponentName Value="MainForm"/>
        <HasResources Value="True"/>
        <ResourceBaseClass Value="Form"/>
      </Unit1>
      <Unit2>
        <Filename Value="tasksframe.pas"/>
        <IsPartOfProject Value="True"/>
        <ComponentName Value="TasksFrame"/>
        <HasResources Value="True"/>
        <ResourceBaseClass Value="Frame"/>
        <UnitName Value="TasksFrame"/>
      </Unit2>
      <Unit3>
        <Filename Value="databasedm.pas"/>
        <IsPartOfProject Value="True"/>
        <ComponentName Value="DatabaseDataModule"/>
        <HasResources Value="True"/>
        <ResourceBaseClass Value="DataModule"/>
        <UnitName Value="DatabaseDM"/>
      </Unit3>
      <Unit4>
        <Filename Value="taskedit.pas"/>
        <IsPartOfProject Value="True"/>
        <ComponentName Value="TaskEditForm"/>
        <HasResources Value="True"/>
        <ResourceBaseClass Value="Form"/>
      </Unit4>
      <Unit5>
        <Filename Value="periodsframe.pas"/>
        <IsPartOfProject Value="True"/>
        <ComponentName Value="PeriodsFrame"/>
        <HasResources Value="True"/>
        <ResourceBaseClass Value="Frame"/>
        <UnitName Value="PeriodsFrame"/>
      </Unit5>
      <Unit6>
        <Filename Value="models.pas"/>
        <IsPartOfProject Value="True"/>
        <UnitName Value="Models"/>
      </Unit6>
      <Unit7>
        <Filename Value="nonvisualctrlsdm.pas"/>
        <IsPartOfProject Value="True"/>
        <ComponentName Value="NonVisualCtrlsDataModule"/>
        <HasResources Value="True"/>
        <ResourceBaseClass Value="DataModule"/>
        <UnitName Value="NonVisualCtrlsDM"/>
      </Unit7>
      <Unit8>
        <Filename Value="periodeditfrm.pas"/>
        <IsPartOfProject Value="True"/>
        <ComponentName Value="PeriodEditForm"/>
        <HasResources Value="True"/>
        <ResourceBaseClass Value="Form"/>
        <UnitName Value="PeriodEditFrm"/>
      </Unit8>
      <Unit9>
        <Filename Value="packages\LazDatabaseVersioning\databaseversioning.pas"/>
        <IsPartOfProject Value="True"/>
        <UnitName Value="DatabaseVersioning"/>
      </Unit9>
      <Unit10>
        <Filename Value="utils.pas"/>
        <IsPartOfProject Value="True"/>
        <UnitName Value="Utils"/>
      </Unit10>
      <Unit11>
        <Filename Value="reportfrm.pas"/>
        <IsPartOfProject Value="True"/>
        <ComponentName Value="ReportFrame"/>
        <HasResources Value="True"/>
        <ResourceBaseClass Value="Frame"/>
        <UnitName Value="ReportFrm"/>
      </Unit11>
      <Unit12>
        <Filename Value="reports.pas"/>
        <IsPartOfProject Value="True"/>
        <UnitName Value="Reports"/>
      </Unit12>
    </Units>
  </ProjectOptions>
  <CompilerOptions>
    <Version Value="11"/>
    <PathDelim Value="\"/>
    <Target>
      <Filename Value="TaskOrganizer"/>
    </Target>
    <SearchPaths>
      <IncludeFiles Value="$(ProjOutDir)"/>
      <OtherUnitFiles Value="packages\LazDatabaseVersioning"/>
      <UnitOutputDirectory Value="lib\$(TargetCPU)-$(TargetOS)"/>
    </SearchPaths>
    <Linking>
      <Options>
        <Win32>
          <GraphicApplication Value="True"/>
        </Win32>
      </Options>
    </Linking>
    <Other>
      <CompilerMessages>
        <IgnoredMessages idx5024="True"/>
      </CompilerMessages>
      <ExecuteBefore>
        <Command Value="GitRevision.bat"/>
      </ExecuteBefore>
    </Other>
  </CompilerOptions>
  <Debugging>
    <Exceptions Count="3">
      <Item1>
        <Name Value="EAbort"/>
      </Item1>
      <Item2>
        <Name Value="ECodetoolError"/>
      </Item2>
      <Item3>
        <Name Value="EFOpenError"/>
      </Item3>
    </Exceptions>
  </Debugging>
</CONFIG>
